
Microsoft Visual Studio Solution File, Format Version 12.00
# Visual Studio Version 16
VisualStudioVersion = 16.0.32126.315
MinimumVisualStudioVersion = 10.0.40219.1
Project("{FAE04EC0-301F-11D3-BF4B-00C04F79EFBC}") = "Do_An_CK", "Do_An_CK.csproj", "{4C33E3C4-A60F-4E70-88BD-D2E70162592E}"
EndProject
Project("{FAE04EC0-301F-11D3-BF4B-00C04F79EFBC}") = "ServerQ", "..\ServerQ\ServerQ.csproj", "{757C092A-E10D-458B-B2DB-987F243FAED0}"
EndProject
Project("{54435603-DBB4-11D2-8724-00A0C9A8B90C}") = "Setup", "..\Setup\Setup.vdproj", "{BBAFC46E-E258-44C0-9422-91FC139A02BC}"
EndProject
Global
	GlobalSection(SolutionConfigurationPlatforms) = preSolution
		Debug|Any CPU = Debug|Any CPU
		Release|Any CPU = Release|Any CPU
	EndGlobalSection
	GlobalSection(ProjectConfigurationPlatforms) = postSolution
		{4C33E3C4-A60F-4E70-88BD-D2E70162592E}.Debug|Any CPU.ActiveCfg = Debug|Any CPU
		{4C33E3C4-A60F-4E70-88BD-D2E70162592E}.Debug|Any CPU.Build.0 = Debug|Any CPU
		{4C33E3C4-A60F-4E70-88BD-D2E70162592E}.Release|Any CPU.ActiveCfg = Release|Any CPU
		{4C33E3C4-A60F-4E70-88BD-D2E70162592E}.Release|Any CPU.Build.0 = Release|Any CPU
		{757C092A-E10D-458B-B2DB-987F243FAED0}.Debug|Any CPU.ActiveCfg = Debug|Any CPU
		{757C092A-E10D-458B-B2DB-987F243FAED0}.Debug|Any CPU.Build.0 = Debug|Any CPU
		{757C092A-E10D-458B-B2DB-987F243FAED0}.Release|Any CPU.ActiveCfg = Release|Any CPU
		{757C092A-E10D-458B-B2DB-987F243FAED0}.Release|Any CPU.Build.0 = Release|Any CPU
		{BBAFC46E-E258-44C0-9422-91FC139A02BC}.Debug|Any CPU.ActiveCfg = Debug
		{BBAFC46E-E258-44C0-9422-91FC139A02BC}.Release|Any CPU.ActiveCfg = Release
	EndGlobalSection
	GlobalSection(SolutionProperties) = preSolution
		HideSolutionNode = FALSE
	EndGlobalSection
	GlobalSection(ExtensibilityGlobals) = postSolution
		SolutionGuid = {D2E633F9-32F4-4275-9926-B4A40C40CF33}
	EndGlobalSection
EndGlobal
